lockfileVersion: '6.0'

settings:
  autoInstallPeers: true
  excludeLinksFromLockfile: false

dependencies:
  node-file-router:
    specifier: 0.1.0
    version: 0.1.0

packages:

  /node-file-router@0.1.0:
    resolution: {integrity: sha512-PTPqD8MdNcbPxf4Ty4ZDstULxGoQgeKcCFJ1qGlwj74uZQ3CYK2Yb1kUmuLI+s5Q+3NcC6RAW/DR2X9LwAEDKw==}
    engines: {node: '>=14.8.0'}
    dev: false
