lockfileVersion: '6.0'

settings:
  autoInstallPeers: true
  excludeLinksFromLockfile: false

dependencies:
  node-file-router:
    specifier: 0.1.3
    version: 0.1.3

packages:

  /node-file-router@0.1.3:
    resolution: {integrity: sha512-SDorA7uwOTa8RPMKWsb2tsXMDYibfvAbpeocwi84f73au4ceihi0J0/nkoxVEwXB8kzcbchOrJUxeIs/SUB2PA==}
    engines: {node: '>=14.8.0'}
    dev: false
