lockfileVersion: '6.0'

settings:
  autoInstallPeers: true
  excludeLinksFromLockfile: false

dependencies:
  node-file-router:
    specifier: 0.1.4
    version: 0.1.4

packages:

  /node-file-router@0.1.4:
    resolution: {integrity: sha512-Imui+O8kjmsEPHM4mD+26+nIAgp35C8tMgALO2ojrvRCrH9WEEUsr73LsKRJ8kxIVEvnj3Ih8BnIRn6k2VuvZg==}
    engines: {node: '>=14.8.0'}
    dev: false
